// !$*UTF8*$!
{
	archiveVersion = 1;
	classes = {
	};
	objectVersion = 50;
	objects = {

/* Begin PBXBuildFile section */
		B333B847211057D900D34AD7 /* Constants.swift in Sources */ = {isa = PBXBuildFile; fileRef = B333B846211057D900D34AD7 /* Constants.swift */; };
		B333B84921108E2B00D34AD7 /* JSONParser.swift in Sources */ = {isa = PBXBuildFile; fileRef = B333B84821108E2B00D34AD7 /* JSONParser.swift */; };
		B3F7875E21085D5C00EB9447 /* AppDelegate.swift in Sources */ = {isa = PBXBuildFile; fileRef = B3F7875D21085D5C00EB9447 /* AppDelegate.swift */; };
		B3F7876521085D5C00EB9447 /* Main.storyboard in Resources */ = {isa = PBXBuildFile; fileRef = B3F7876321085D5C00EB9447 /* Main.storyboard */; };
		B3F7876721085D5D00EB9447 /* Assets.xcassets in Resources */ = {isa = PBXBuildFile; fileRef = B3F7876621085D5D00EB9447 /* Assets.xcassets */; };
		B3F7876A21085D5D00EB9447 /* LaunchScreen.storyboard in Resources */ = {isa = PBXBuildFile; fileRef = B3F7876821085D5D00EB9447 /* LaunchScreen.storyboard */; };
		B3F7877D2108827200EB9447 /* PhotoModel.swift in Sources */ = {isa = PBXBuildFile; fileRef = B3F7877C2108827200EB9447 /* PhotoModel.swift */; };
		B3F787A62109A40400EB9447 /* MainViewController.swift in Sources */ = {isa = PBXBuildFile; fileRef = B3F787A52109A40400EB9447 /* MainViewController.swift */; };
		B3F787AA2109AD3400EB9447 /* CustomCollectionViewCell.swift in Sources */ = {isa = PBXBuildFile; fileRef = B3F787A92109AD3400EB9447 /* CustomCollectionViewCell.swift */; };
		B3F787AC2109AE5A00EB9447 /* MainViewController+TabController.swift in Sources */ = {isa = PBXBuildFile; fileRef = B3F787AB2109AE5A00EB9447 /* MainViewController+TabController.swift */; };
		B3F787AE2109AE6900EB9447 /* MainViewController+CollectionViewController.swift in Sources */ = {isa = PBXBuildFile; fileRef = B3F787AD2109AE6900EB9447 /* MainViewController+CollectionViewController.swift */; };
		B3F787B02109C2A600EB9447 /* MainViewController+SearchBarController.swift in Sources */ = {isa = PBXBuildFile; fileRef = B3F787AF2109C2A600EB9447 /* MainViewController+SearchBarController.swift */; };
		B3F787DB210B00B200EB9447 /* DownloadManager.swift in Sources */ = {isa = PBXBuildFile; fileRef = B3F787DA210B00B200EB9447 /* DownloadManager.swift */; };
		B3F787DD210B00C100EB9447 /* Manager.swift in Sources */ = {isa = PBXBuildFile; fileRef = B3F787DC210B00C100EB9447 /* Manager.swift */; };
/* End PBXBuildFile section */

/* Begin PBXFileReference section */
		B333B846211057D900D34AD7 /* Constants.swift */ = {isa = PBXFileReference; lastKnownFileType = sourcecode.swift; path = Constants.swift; sourceTree = "<group>"; };
		B333B84821108E2B00D34AD7 /* JSONParser.swift */ = {isa = PBXFileReference; lastKnownFileType = sourcecode.swift; path = JSONParser.swift; sourceTree = "<group>"; };
		B3F7875A21085D5C00EB9447 /* Flickr.app */ = {isa = PBXFileReference; explicitFileType = wrapper.application; includeInIndex = 0; path = Flickr.app; sourceTree = BUILT_PRODUCTS_DIR; };
		B3F7875D21085D5C00EB9447 /* AppDelegate.swift */ = {isa = PBXFileReference; lastKnownFileType = sourcecode.swift; path = AppDelegate.swift; sourceTree = "<group>"; };
		B3F7876421085D5C00EB9447 /* Base */ = {isa = PBXFileReference; lastKnownFileType = file.storyboard; name = Base; path = Base.lproj/Main.storyboard; sourceTree = "<group>"; };
		B3F7876621085D5D00EB9447 /* Assets.xcassets */ = {isa = PBXFileReference; lastKnownFileType = folder.assetcatalog; path = Assets.xcassets; sourceTree = "<group>"; };
		B3F7876921085D5D00EB9447 /* Base */ = {isa = PBXFileReference; lastKnownFileType = file.storyboard; name = Base; path = Base.lproj/LaunchScreen.storyboard; sourceTree = "<group>"; };
		B3F7876B21085D5D00EB9447 /* Info.plist */ = {isa = PBXFileReference; lastKnownFileType = text.plist.xml; path = Info.plist; sourceTree = "<group>"; };
		B3F7877C2108827200EB9447 /* PhotoModel.swift */ = {isa = PBXFileReference; lastKnownFileType = sourcecode.swift; path = PhotoModel.swift; sourceTree = "<group>"; };
		B3F787A52109A40400EB9447 /* MainViewController.swift */ = {isa = PBXFileReference; lastKnownFileType = sourcecode.swift; path = MainViewController.swift; sourceTree = "<group>"; };
		B3F787A92109AD3400EB9447 /* CustomCollectionViewCell.swift */ = {isa = PBXFileReference; lastKnownFileType = sourcecode.swift; path = CustomCollectionViewCell.swift; sourceTree = "<group>"; };
		B3F787AB2109AE5A00EB9447 /* MainViewController+TabController.swift */ = {isa = PBXFileReference; lastKnownFileType = sourcecode.swift; path = "MainViewController+TabController.swift"; sourceTree = "<group>"; };
		B3F787AD2109AE6900EB9447 /* MainViewController+CollectionViewController.swift */ = {isa = PBXFileReference; lastKnownFileType = sourcecode.swift; path = "MainViewController+CollectionViewController.swift"; sourceTree = "<group>"; };
		B3F787AF2109C2A600EB9447 /* MainViewController+SearchBarController.swift */ = {isa = PBXFileReference; lastKnownFileType = sourcecode.swift; path = "MainViewController+SearchBarController.swift"; sourceTree = "<group>"; };
		B3F787DA210B00B200EB9447 /* DownloadManager.swift */ = {isa = PBXFileReference; lastKnownFileType = sourcecode.swift; path = DownloadManager.swift; sourceTree = "<group>"; };
		B3F787DC210B00C100EB9447 /* Manager.swift */ = {isa = PBXFileReference; lastKnownFileType = sourcecode.swift; path = Manager.swift; sourceTree = "<group>"; };
/* End PBXFileReference section */

/* Begin PBXFrameworksBuildPhase section */
		B3F7875721085D5C00EB9447 /* Frameworks */ = {
			isa = PBXFrameworksBuildPhase;
			buildActionMask = 2147483647;
			files = (
			);
			runOnlyForDeploymentPostprocessing = 0;
		};
/* End PBXFrameworksBuildPhase section */

/* Begin PBXGroup section */
		B333B845211057C500D34AD7 /* Constants */ = {
			isa = PBXGroup;
			children = (
				B333B846211057D900D34AD7 /* Constants.swift */,
			);
			path = Constants;
			sourceTree = "<group>";
		};
		B3F7875121085D5C00EB9447 = {
			isa = PBXGroup;
			children = (
				B3F7875C21085D5C00EB9447 /* Flickr */,
				B3F7875B21085D5C00EB9447 /* Products */,
			);
			sourceTree = "<group>";
		};
		B3F7875B21085D5C00EB9447 /* Products */ = {
			isa = PBXGroup;
			children = (
				B3F7875A21085D5C00EB9447 /* Flickr.app */,
			);
			name = Products;
			sourceTree = "<group>";
		};
		B3F7875C21085D5C00EB9447 /* Flickr */ = {
			isa = PBXGroup;
			children = (
				B3F7877B210881EE00EB9447 /* Networking */,
				B3F787732108734700EB9447 /* Controllers */,
				B3F787722108734700EB9447 /* Models */,
				B3F787712108734700EB9447 /* UI */,
				B3F787742108734800EB9447 /* Utilities */,
				B333B845211057C500D34AD7 /* Constants */,
				B3F7876621085D5D00EB9447 /* Assets.xcassets */,
				B3F7875D21085D5C00EB9447 /* AppDelegate.swift */,
				B3F7876B21085D5D00EB9447 /* Info.plist */,
			);
			path = Flickr;
			sourceTree = "<group>";
		};
		B3F787712108734700EB9447 /* UI */ = {
			isa = PBXGroup;
			children = (
				B3F7876321085D5C00EB9447 /* Main.storyboard */,
				B3F7876821085D5D00EB9447 /* LaunchScreen.storyboard */,
			);
			path = UI;
			sourceTree = "<group>";
		};
		B3F787722108734700EB9447 /* Models */ = {
			isa = PBXGroup;
			children = (
				B3F7877C2108827200EB9447 /* PhotoModel.swift */,
			);
			path = Models;
			sourceTree = "<group>";
		};
		B3F787732108734700EB9447 /* Controllers */ = {
			isa = PBXGroup;
			children = (
				B3F787A52109A40400EB9447 /* MainViewController.swift */,
				B3F787A92109AD3400EB9447 /* CustomCollectionViewCell.swift */,
				B3F787AB2109AE5A00EB9447 /* MainViewController+TabController.swift */,
				B3F787AD2109AE6900EB9447 /* MainViewController+CollectionViewController.swift */,
				B3F787AF2109C2A600EB9447 /* MainViewController+SearchBarController.swift */,
			);
			path = Controllers;
			sourceTree = "<group>";
		};
		B3F787742108734800EB9447 /* Utilities */ = {
			isa = PBXGroup;
			children = (
				B333B84821108E2B00D34AD7 /* JSONParser.swift */,
			);
			path = Utilities;
			sourceTree = "<group>";
		};
		B3F7877B210881EE00EB9447 /* Networking */ = {
			isa = PBXGroup;
			children = (
				B3F787DA210B00B200EB9447 /* DownloadManager.swift */,
				B3F787DC210B00C100EB9447 /* Manager.swift */,
			);
			path = Networking;
			sourceTree = "<group>";
		};
/* End PBXGroup section */

/* Begin PBXNativeTarget section */
		B3F7875921085D5C00EB9447 /* Flickr */ = {
			isa = PBXNativeTarget;
			buildConfigurationList = B3F7876E21085D5D00EB9447 /* Build configuration list for PBXNativeTarget "Flickr" */;
			buildPhases = (
				B3F7875621085D5C00EB9447 /* Sources */,
				B3F7875721085D5C00EB9447 /* Frameworks */,
				B3F7875821085D5C00EB9447 /* Resources */,
			);
			buildRules = (
			);
			dependencies = (
			);
			name = Flickr;
			productName = Flickr;
			productReference = B3F7875A21085D5C00EB9447 /* Flickr.app */;
			productType = "com.apple.product-type.application";
		};
/* End PBXNativeTarget section */

/* Begin PBXProject section */
		B3F7875221085D5C00EB9447 /* Project object */ = {
			isa = PBXProject;
			attributes = {
				LastSwiftUpdateCheck = 0940;
				LastUpgradeCheck = 0940;
				ORGANIZATIONNAME = PhonePe;
				TargetAttributes = {
					B3F7875921085D5C00EB9447 = {
						CreatedOnToolsVersion = 9.4.1;
					};
				};
			};
			buildConfigurationList = B3F7875521085D5C00EB9447 /* Build configuration list for PBXProject "Flickr" */;
			compatibilityVersion = "Xcode 9.3";
			developmentRegion = en;
			hasScannedForEncodings = 0;
			knownRegions = (
				en,
				Base,
			);
			mainGroup = B3F7875121085D5C00EB9447;
			productRefGroup = B3F7875B21085D5C00EB9447 /* Products */;
			projectDirPath = "";
			projectRoot = "";
			targets = (
				B3F7875921085D5C00EB9447 /* Flickr */,
			);
		};
/* End PBXProject section */

/* Begin PBXResourcesBuildPhase section */
		B3F7875821085D5C00EB9447 /* Resources */ = {
			isa = PBXResourcesBuildPhase;
			buildActionMask = 2147483647;
			files = (
				B3F7876A21085D5D00EB9447 /* LaunchScreen.storyboard in Resources */,
				B3F7876721085D5D00EB9447 /* Assets.xcassets in Resources */,
				B3F7876521085D5C00EB9447 /* Main.storyboard in Resources */,
			);
			runOnlyForDeploymentPostprocessing = 0;
		};
/* End PBXResourcesBuildPhase section */

/* Begin PBXSourcesBuildPhase section */
		B3F7875621085D5C00EB9447 /* Sources */ = {
			isa = PBXSourcesBuildPhase;
			buildActionMask = 2147483647;
			files = (
				B3F787AE2109AE6900EB9447 /* MainViewController+CollectionViewController.swift in Sources */,
				B3F787AC2109AE5A00EB9447 /* MainViewController+TabController.swift in Sources */,
				B3F787DB210B00B200EB9447 /* DownloadManager.swift in Sources */,
				B333B84921108E2B00D34AD7 /* JSONParser.swift in Sources */,
				B3F7877D2108827200EB9447 /* PhotoModel.swift in Sources */,
				B3F7875E21085D5C00EB9447 /* AppDelegate.swift in Sources */,
				B333B847211057D900D34AD7 /* Constants.swift in Sources */,
				B3F787B02109C2A600EB9447 /* MainViewController+SearchBarController.swift in Sources */,
				B3F787AA2109AD3400EB9447 /* CustomCollectionViewCell.swift in Sources */,
				B3F787DD210B00C100EB9447 /* Manager.swift in Sources */,
				B3F787A62109A40400EB9447 /* MainViewController.swift in Sources */,
			);
			runOnlyForDeploymentPostprocessing = 0;
		};
/* End PBXSourcesBuildPhase section */

/* Begin PBXVariantGroup section */
		B3F7876321085D5C00EB9447 /* Main.storyboard */ = {
			isa = PBXVariantGroup;
			children = (
				B3F7876421085D5C00EB9447 /* Base */,
			);
			name = Main.storyboard;
			sourceTree = "<group>";
		};
		B3F7876821085D5D00EB9447 /* LaunchScreen.storyboard */ = {
			isa = PBXVariantGroup;
			children = (
				B3F7876921085D5D00EB9447 /* Base */,
			);
			name = LaunchScreen.storyboard;
			sourceTree = "<group>";
		};
/* End PBXVariantGroup section */

/* Begin XCBuildConfiguration section */
		B3F7876C21085D5D00EB9447 /* Debug */ = {
			isa = XCBuildConfiguration;
			buildSettings = {
				ALWAYS_SEARCH_USER_PATHS = NO;
				CLANG_ANALYZER_NONNULL = YES;
				CLANG_ANALYZER_NUMBER_OBJECT_CONVERSION = YES_AGGRESSIVE;
				CLANG_CXX_LANGUAGE_STANDARD = "gnu++14";
				CLANG_CXX_LIBRARY = "libc++";
				CLANG_ENABLE_MODULES = YES;
				CLANG_ENABLE_OBJC_ARC = YES;
				CLANG_ENABLE_OBJC_WEAK = YES;
				CLANG_WARN_BLOCK_CAPTURE_AUTORELEASING = YES;
				CLANG_WARN_BOOL_CONVERSION = YES;
				CLANG_WARN_COMMA = YES;
				CLANG_WARN_CONSTANT_CONVERSION = YES;
				CLANG_WARN_DEPRECATED_OBJC_IMPLEMENTATIONS = YES;
				CLANG_WARN_DIRECT_OBJC_ISA_USAGE = YES_ERROR;
				CLANG_WARN_DOCUMENTATION_COMMENTS = YES;
				CLANG_WARN_EMPTY_BODY = YES;
				CLANG_WARN_ENUM_CONVERSION = YES;
				CLANG_WARN_INFINITE_RECURSION = YES;
				CLANG_WARN_INT_CONVERSION = YES;
				CLANG_WARN_NON_LITERAL_NULL_CONVERSION = YES;
				CLANG_WARN_OBJC_IMPLICIT_RETAIN_SELF = YES;
				CLANG_WARN_OBJC_LITERAL_CONVERSION = YES;
				CLANG_WARN_OBJC_ROOT_CLASS = YES_ERROR;
				CLANG_WARN_RANGE_LOOP_ANALYSIS = YES;
				CLANG_WARN_STRICT_PROTOTYPES = YES;
				CLANG_WARN_SUSPICIOUS_MOVE = YES;
				CLANG_WARN_UNGUARDED_AVAILABILITY = YES_AGGRESSIVE;
				CLANG_WARN_UNREACHABLE_CODE = YES;
				CLANG_WARN__DUPLICATE_METHOD_MATCH = YES;
				CODE_SIGN_IDENTITY = "iPhone Developer";
				COPY_PHASE_STRIP = NO;
				DEBUG_INFORMATION_FORMAT = dwarf;
				ENABLE_STRICT_OBJC_MSGSEND = YES;
				ENABLE_TESTABILITY = YES;
				GCC_C_LANGUAGE_STANDARD = gnu11;
				GCC_DYNAMIC_NO_PIC = NO;
				GCC_NO_COMMON_BLOCKS = YES;
				GCC_OPTIMIZATION_LEVEL = 0;
				GCC_PREPROCESSOR_DEFINITIONS = (
					"DEBUG=1",
					"$(inherited)",
				);
				GCC_WARN_64_TO_32_BIT_CONVERSION = YES;
				GCC_WARN_ABOUT_RETURN_TYPE = YES_ERROR;
				GCC_WARN_UNDECLARED_SELECTOR = YES;
				GCC_WARN_UNINITIALIZED_AUTOS = YES_AGGRESSIVE;
				GCC_WARN_UNUSED_FUNCTION = YES;
				GCC_WARN_UNUSED_VARIABLE = YES;
				IPHONEOS_DEPLOYMENT_TARGET = 11.4;
				MTL_ENABLE_DEBUG_INFO = YES;
				ONLY_ACTIVE_ARCH = YES;
				SDKROOT = iphoneos;
				SWIFT_ACTIVE_COMPILATION_CONDITIONS = DEBUG;
				SWIFT_OPTIMIZATION_LEVEL = "-Onone";
			};
			name = Debug;
		};
		B3F7876D21085D5D00EB9447 /* Release */ = {
			isa = XCBuildConfiguration;
			buildSettings = {
				ALWAYS_SEARCH_USER_PATHS = NO;
				CLANG_ANALYZER_NONNULL = YES;
				CLANG_ANALYZER_NUMBER_OBJECT_CONVERSION = YES_AGGRESSIVE;
				CLANG_CXX_LANGUAGE_STANDARD = "gnu++14";
				CLANG_CXX_LIBRARY = "libc++";
				CLANG_ENABLE_MODULES = YES;
				CLANG_ENABLE_OBJC_ARC = YES;
				CLANG_ENABLE_OBJC_WEAK = YES;
				CLANG_WARN_BLOCK_CAPTURE_AUTORELEASING = YES;
				CLANG_WARN_BOOL_CONVERSION = YES;
				CLANG_WARN_COMMA = YES;
				CLANG_WARN_CONSTANT_CONVERSION = YES;
				CLANG_WARN_DEPRECATED_OBJC_IMPLEMENTATIONS = YES;
				CLANG_WARN_DIRECT_OBJC_ISA_USAGE = YES_ERROR;
				CLANG_WARN_DOCUMENTATION_COMMENTS = YES;
				CLANG_WARN_EMPTY_BODY = YES;
				CLANG_WARN_ENUM_CONVERSION = YES;
				CLANG_WARN_INFINITE_RECURSION = YES;
				CLANG_WARN_INT_CONVERSION = YES;
				CLANG_WARN_NON_LITERAL_NULL_CONVERSION = YES;
				CLANG_WARN_OBJC_IMPLICIT_RETAIN_SELF = YES;
				CLANG_WARN_OBJC_LITERAL_CONVERSION = YES;
				CLANG_WARN_OBJC_ROOT_CLASS = YES_ERROR;
				CLANG_WARN_RANGE_LOOP_ANALYSIS = YES;
				CLANG_WARN_STRICT_PROTOTYPES = YES;
				CLANG_WARN_SUSPICIOUS_MOVE = YES;
				CLANG_WARN_UNGUARDED_AVAILABILITY = YES_AGGRESSIVE;
				CLANG_WARN_UNREACHABLE_CODE = YES;
				CLANG_WARN__DUPLICATE_METHOD_MATCH = YES;
				CODE_SIGN_IDENTITY = "iPhone Developer";
				COPY_PHASE_STRIP = NO;
				DEBUG_INFORMATION_FORMAT = "dwarf-with-dsym";
				ENABLE_NS_ASSERTIONS = NO;
				ENABLE_STRICT_OBJC_MSGSEND = YES;
				GCC_C_LANGUAGE_STANDARD = gnu11;
				GCC_NO_COMMON_BLOCKS = YES;
				GCC_WARN_64_TO_32_BIT_CONVERSION = YES;
				GCC_WARN_ABOUT_RETURN_TYPE = YES_ERROR;
				GCC_WARN_UNDECLARED_SELECTOR = YES;
				GCC_WARN_UNINITIALIZED_AUTOS = YES_AGGRESSIVE;
				GCC_WARN_UNUSED_FUNCTION = YES;
				GCC_WARN_UNUSED_VARIABLE = YES;
				IPHONEOS_DEPLOYMENT_TARGET = 11.4;
				MTL_ENABLE_DEBUG_INFO = NO;
				SDKROOT = iphoneos;
				SWIFT_COMPILATION_MODE = wholemodule;
				SWIFT_OPTIMIZATION_LEVEL = "-O";
				VALIDATE_PRODUCT = YES;
			};
			name = Release;
		};
		B3F7876F21085D5D00EB9447 /* Debug */ = {
			isa = XCBuildConfiguration;
			buildSettings = {
				ASSETCATALOG_COMPILER_APPICON_NAME = AppIcon;
				CODE_SIGN_STYLE = Automatic;
				INFOPLIST_FILE = Flickr/Info.plist;
				IPHONEOS_DEPLOYMENT_TARGET = 10.0;
				LD_RUNPATH_SEARCH_PATHS = (
					"$(inherited)",
					"@executable_path/Frameworks",
				);
				PRODUCT_BUNDLE_IDENTIFIER = com.phonepe.Flickr;
				PRODUCT_NAME = "$(TARGET_NAME)";
				SWIFT_VERSION = 4.0;
				TARGETED_DEVICE_FAMILY = "1,2";
			};
			name = Debug;
		};
		B3F7877021085D5D00EB9447 /* Release */ = {
			isa = XCBuildConfiguration;
			buildSettings = {
				ASSETCATALOG_COMPILER_APPICON_NAME = AppIcon;
				CODE_SIGN_STYLE = Automatic;
				INFOPLIST_FILE = Flickr/Info.plist;
				IPHONEOS_DEPLOYMENT_TARGET = 10.0;
				LD_RUNPATH_SEARCH_PATHS = (
					"$(inherited)",
					"@executable_path/Frameworks",
				);
				PRODUCT_BUNDLE_IDENTIFIER = com.phonepe.Flickr;
				PRODUCT_NAME = "$(TARGET_NAME)";
				SWIFT_VERSION = 4.0;
				TARGETED_DEVICE_FAMILY = "1,2";
			};
			name = Release;
		};
/* End XCBuildConfiguration section */

/* Begin XCConfigurationList section */
		B3F7875521085D5C00EB9447 /* Build configuration list for PBXProject "Flickr" */ = {
			isa = XCConfigurationList;
			buildConfigurations = (
				B3F7876C21085D5D00EB9447 /* Debug */,
				B3F7876D21085D5D00EB9447 /* Release */,
			);
			defaultConfigurationIsVisible = 0;
			defaultConfigurationName = Release;
		};
		B3F7876E21085D5D00EB9447 /* Build configuration list for PBXNativeTarget "Flickr" */ = {
			isa = XCConfigurationList;
			buildConfigurations = (
				B3F7876F21085D5D00EB9447 /* Debug */,
				B3F7877021085D5D00EB9447 /* Release */,
			);
			defaultConfigurationIsVisible = 0;
			defaultConfigurationName = Release;
		};
/* End XCConfigurationList section */
	};
	rootObject = B3F7875221085D5C00EB9447 /* Project object */;
}
